// !$*UTF8*$!
{
	archiveVersion = 1;
	classes = {
	};
	objectVersion = 48;
	objects = {

/* Begin PBXBuildFile section */
		C8BF63C9201CFA640029BEC2 /* AppDelegate.swift in Sources */ = {isa = PBXBuildFile; fileRef = C8BF63C8201CFA640029BEC2 /* AppDelegate.swift */; };
		C8BF63CB201CFA640029BEC2 /* ViewController.swift in Sources */ = {isa = PBXBuildFile; fileRef = C8BF63CA201CFA640029BEC2 /* ViewController.swift */; };
		C8BF63CE201CFA640029BEC2 /* Main.storyboard in Resources */ = {isa = PBXBuildFile; fileRef = C8BF63CC201CFA640029BEC2 /* Main.storyboard */; };
		C8BF63D0201CFA640029BEC2 /* Assets.xcassets in Resources */ = {isa = PBXBuildFile; fileRef = C8BF63CF201CFA640029BEC2 /* Assets.xcassets */; };
		C8BF63D3201CFA640029BEC2 /* LaunchScreen.storyboard in Resources */ = {isa = PBXBuildFile; fileRef = C8BF63D1201CFA640029BEC2 /* LaunchScreen.storyboard */; };
		EAA29023201D36CF0047D11C /* InviteTableViewController.swift in Sources */ = {isa = PBXBuildFile; fileRef = EAA2901F201D36CF0047D11C /* InviteTableViewController.swift */; };
		EAA29024201D36CF0047D11C /* Signal.swift in Sources */ = {isa = PBXBuildFile; fileRef = EAA29020201D36CF0047D11C /* Signal.swift */; };
		EAA29025201D36CF0047D11C /* Signal.storyboard in Resources */ = {isa = PBXBuildFile; fileRef = EAA29021201D36CF0047D11C /* Signal.storyboard */; };
		EAA29026201D36CF0047D11C /* Helper.swift in Sources */ = {isa = PBXBuildFile; fileRef = EAA29022201D36CF0047D11C /* Helper.swift */; };
		EAA2902E201D3A910047D11C /* Flight.swift in Sources */ = {isa = PBXBuildFile; fileRef = EAA2902D201D3A910047D11C /* Flight.swift */; };
		EAA29030201D3AA60047D11C /* Constants.swift in Sources */ = {isa = PBXBuildFile; fileRef = EAA2902F201D3AA60047D11C /* Constants.swift */; };
		EAA29033201D3E110047D11C /* FlightService.swift in Sources */ = {isa = PBXBuildFile; fileRef = EAA29032201D3E110047D11C /* FlightService.swift */; };
		EAA29038201D413A0047D11C /* FlightViewController.swift in Sources */ = {isa = PBXBuildFile; fileRef = EAA29037201D413A0047D11C /* FlightViewController.swift */; };
		EAA2903A201D4C590047D11C /* Seat.swift in Sources */ = {isa = PBXBuildFile; fileRef = EAA29039201D4C590047D11C /* Seat.swift */; };
/* End PBXBuildFile section */

/* Begin PBXFileReference section */
		C8BF63C5201CFA640029BEC2 /* FlightBuddy Hub.app */ = {isa = PBXFileReference; explicitFileType = wrapper.application; includeInIndex = 0; path = "FlightBuddy Hub.app"; sourceTree = BUILT_PRODUCTS_DIR; };
		C8BF63C8201CFA640029BEC2 /* AppDelegate.swift */ = {isa = PBXFileReference; lastKnownFileType = sourcecode.swift; path = AppDelegate.swift; sourceTree = "<group>"; };
		C8BF63CA201CFA640029BEC2 /* ViewController.swift */ = {isa = PBXFileReference; lastKnownFileType = sourcecode.swift; path = ViewController.swift; sourceTree = "<group>"; };
		C8BF63CD201CFA640029BEC2 /* Base */ = {isa = PBXFileReference; lastKnownFileType = file.storyboard; name = Base; path = Base.lproj/Main.storyboard; sourceTree = "<group>"; };
		C8BF63CF201CFA640029BEC2 /* Assets.xcassets */ = {isa = PBXFileReference; lastKnownFileType = folder.assetcatalog; path = Assets.xcassets; sourceTree = "<group>"; };
		C8BF63D2201CFA640029BEC2 /* Base */ = {isa = PBXFileReference; lastKnownFileType = file.storyboard; name = Base; path = Base.lproj/LaunchScreen.storyboard; sourceTree = "<group>"; };
		C8BF63D4201CFA640029BEC2 /* Info.plist */ = {isa = PBXFileReference; lastKnownFileType = text.plist.xml; path = Info.plist; sourceTree = "<group>"; };
		EAA2901F201D36CF0047D11C /* InviteTableViewController.swift */ = {isa = PBXFileReference; fileEncoding = 4; lastKnownFileType = sourcecode.swift; path = InviteTableViewController.swift; sourceTree = "<group>"; };
		EAA29020201D36CF0047D11C /* Signal.swift */ = {isa = PBXFileReference; fileEncoding = 4; lastKnownFileType = sourcecode.swift; path = Signal.swift; sourceTree = "<group>"; };
		EAA29021201D36CF0047D11C /* Signal.storyboard */ = {isa = PBXFileReference; fileEncoding = 4; lastKnownFileType = file.storyboard; path = Signal.storyboard; sourceTree = "<group>"; };
		EAA29022201D36CF0047D11C /* Helper.swift */ = {isa = PBXFileReference; fileEncoding = 4; lastKnownFileType = sourcecode.swift; path = Helper.swift; sourceTree = "<group>"; };
		EAA2902D201D3A910047D11C /* Flight.swift */ = {isa = PBXFileReference; lastKnownFileType = sourcecode.swift; path = Flight.swift; sourceTree = "<group>"; };
		EAA2902F201D3AA60047D11C /* Constants.swift */ = {isa = PBXFileReference; lastKnownFileType = sourcecode.swift; path = Constants.swift; sourceTree = "<group>"; };
		EAA29032201D3E110047D11C /* FlightService.swift */ = {isa = PBXFileReference; lastKnownFileType = sourcecode.swift; path = FlightService.swift; sourceTree = "<group>"; };
		EAA29037201D413A0047D11C /* FlightViewController.swift */ = {isa = PBXFileReference; lastKnownFileType = sourcecode.swift; path = FlightViewController.swift; sourceTree = "<group>"; };
		EAA29039201D4C590047D11C /* Seat.swift */ = {isa = PBXFileReference; lastKnownFileType = sourcecode.swift; path = Seat.swift; sourceTree = "<group>"; };
/* End PBXFileReference section */

/* Begin PBXFrameworksBuildPhase section */
		C8BF63C2201CFA640029BEC2 /* Frameworks */ = {
			isa = PBXFrameworksBuildPhase;
			buildActionMask = 2147483647;
			files = (
			);
			runOnlyForDeploymentPostprocessing = 0;
		};
/* End PBXFrameworksBuildPhase section */

/* Begin PBXGroup section */
		C8BF63BC201CFA640029BEC2 = {
			isa = PBXGroup;
			children = (
				EAA2901E201D36AD0047D11C /* Signal */,
				C8BF63C7201CFA640029BEC2 /* FlightBuddy Hub */,
				C8BF63C6201CFA640029BEC2 /* Products */,
			);
			sourceTree = "<group>";
		};
		C8BF63C6201CFA640029BEC2 /* Products */ = {
			isa = PBXGroup;
			children = (
				C8BF63C5201CFA640029BEC2 /* FlightBuddy Hub.app */,
			);
			name = Products;
			sourceTree = "<group>";
		};
		C8BF63C7201CFA640029BEC2 /* FlightBuddy Hub */ = {
			isa = PBXGroup;
			children = (
				EAA29034201D41040047D11C /* View Controllers */,
				EAA29031201D3E040047D11C /* Services */,
				EAA2902C201D3A820047D11C /* Models */,
				C8BF63C8201CFA640029BEC2 /* AppDelegate.swift */,
				C8BF63CA201CFA640029BEC2 /* ViewController.swift */,
				C8BF63CC201CFA640029BEC2 /* Main.storyboard */,
				C8BF63CF201CFA640029BEC2 /* Assets.xcassets */,
				C8BF63D1201CFA640029BEC2 /* LaunchScreen.storyboard */,
				C8BF63D4201CFA640029BEC2 /* Info.plist */,
				EAA2902F201D3AA60047D11C /* Constants.swift */,
			);
			path = "FlightBuddy Hub";
			sourceTree = "<group>";
		};
		EAA2901E201D36AD0047D11C /* Signal */ = {
			isa = PBXGroup;
			children = (
				EAA29022201D36CF0047D11C /* Helper.swift */,
				EAA2901F201D36CF0047D11C /* InviteTableViewController.swift */,
				EAA29021201D36CF0047D11C /* Signal.storyboard */,
				EAA29020201D36CF0047D11C /* Signal.swift */,
			);
			path = Signal;
			sourceTree = "<group>";
		};
		EAA2902C201D3A820047D11C /* Models */ = {
			isa = PBXGroup;
			children = (
				EAA2902D201D3A910047D11C /* Flight.swift */,
				EAA29039201D4C590047D11C /* Seat.swift */,
			);
			path = Models;
			sourceTree = "<group>";
		};
		EAA29031201D3E040047D11C /* Services */ = {
			isa = PBXGroup;
			children = (
				EAA29032201D3E110047D11C /* FlightService.swift */,
			);
			path = Services;
			sourceTree = "<group>";
		};
		EAA29034201D41040047D11C /* View Controllers */ = {
			isa = PBXGroup;
			children = (
				EAA29037201D413A0047D11C /* FlightViewController.swift */,
			);
			path = "View Controllers";
			sourceTree = "<group>";
		};
/* End PBXGroup section */

/* Begin PBXNativeTarget section */
		C8BF63C4201CFA640029BEC2 /* FlightBuddy Hub */ = {
			isa = PBXNativeTarget;
			buildConfigurationList = C8BF63D7201CFA640029BEC2 /* Build configuration list for PBXNativeTarget "FlightBuddy Hub" */;
			buildPhases = (
				C8BF63C1201CFA640029BEC2 /* Sources */,
				C8BF63C2201CFA640029BEC2 /* Frameworks */,
				C8BF63C3201CFA640029BEC2 /* Resources */,
			);
			buildRules = (
			);
			dependencies = (
			);
			name = "FlightBuddy Hub";
			productName = "FlightBuddy Hub";
			productReference = C8BF63C5201CFA640029BEC2 /* FlightBuddy Hub.app */;
			productType = "com.apple.product-type.application";
		};
/* End PBXNativeTarget section */

/* Begin PBXProject section */
		C8BF63BD201CFA640029BEC2 /* Project object */ = {
			isa = PBXProject;
			attributes = {
				LastSwiftUpdateCheck = 0920;
				LastUpgradeCheck = 0920;
				ORGANIZATIONNAME = "Wilson Ding";
				TargetAttributes = {
					C8BF63C4201CFA640029BEC2 = {
						CreatedOnToolsVersion = 9.2;
						ProvisioningStyle = Automatic;
					};
				};
			};
			buildConfigurationList = C8BF63C0201CFA640029BEC2 /* Build configuration list for PBXProject "FlightBuddy Hub" */;
			compatibilityVersion = "Xcode 8.0";
			developmentRegion = en;
			hasScannedForEncodings = 0;
			knownRegions = (
				en,
				Base,
			);
			mainGroup = C8BF63BC201CFA640029BEC2;
			productRefGroup = C8BF63C6201CFA640029BEC2 /* Products */;
			projectDirPath = "";
			projectRoot = "";
			targets = (
				C8BF63C4201CFA640029BEC2 /* FlightBuddy Hub */,
			);
		};
/* End PBXProject section */

/* Begin PBXResourcesBuildPhase section */
		C8BF63C3201CFA640029BEC2 /* Resources */ = {
			isa = PBXResourcesBuildPhase;
			buildActionMask = 2147483647;
			files = (
				C8BF63D3201CFA640029BEC2 /* LaunchScreen.storyboard in Resources */,
				C8BF63D0201CFA640029BEC2 /* Assets.xcassets in Resources */,
				EAA29025201D36CF0047D11C /* Signal.storyboard in Resources */,
				C8BF63CE201CFA640029BEC2 /* Main.storyboard in Resources */,
			);
			runOnlyForDeploymentPostprocessing = 0;
		};
/* End PBXResourcesBuildPhase section */

/* Begin PBXSourcesBuildPhase section */
		C8BF63C1201CFA640029BEC2 /* Sources */ = {
			isa = PBXSourcesBuildPhase;
			buildActionMask = 2147483647;
			files = (
				C8BF63CB201CFA640029BEC2 /* ViewController.swift in Sources */,
				EAA29024201D36CF0047D11C /* Signal.swift in Sources */,
				EAA29026201D36CF0047D11C /* Helper.swift in Sources */,
				EAA2902E201D3A910047D11C /* Flight.swift in Sources */,
				EAA29030201D3AA60047D11C /* Constants.swift in Sources */,
				EAA29038201D413A0047D11C /* FlightViewController.swift in Sources */,
				EAA29033201D3E110047D11C /* FlightService.swift in Sources */,
				C8BF63C9201CFA640029BEC2 /* AppDelegate.swift in Sources */,
				EAA2903A201D4C590047D11C /* Seat.swift in Sources */,
				EAA29023201D36CF0047D11C /* InviteTableViewController.swift in Sources */,
			);
			runOnlyForDeploymentPostprocessing = 0;
		};
/* End PBXSourcesBuildPhase section */

/* Begin PBXVariantGroup section */
		C8BF63CC201CFA640029BEC2 /* Main.storyboard */ = {
			isa = PBXVariantGroup;
			children = (
				C8BF63CD201CFA640029BEC2 /* Base */,
			);
			name = Main.storyboard;
			sourceTree = "<group>";
		};
		C8BF63D1201CFA640029BEC2 /* LaunchScreen.storyboard */ = {
			isa = PBXVariantGroup;
			children = (
				C8BF63D2201CFA640029BEC2 /* Base */,
			);
			name = LaunchScreen.storyboard;
			sourceTree = "<group>";
		};
/* End PBXVariantGroup section */

/* Begin XCBuildConfiguration section */
		C8BF63D5201CFA640029BEC2 /* Debug */ = {
			isa = XCBuildConfiguration;
			buildSettings = {
				ALWAYS_SEARCH_USER_PATHS = NO;
				CLANG_ANALYZER_NONNULL = YES;
				CLANG_ANALYZER_NUMBER_OBJECT_CONVERSION = YES_AGGRESSIVE;
				CLANG_CXX_LANGUAGE_STANDARD = "gnu++14";
				CLANG_CXX_LIBRARY = "libc++";
				CLANG_ENABLE_MODULES = YES;
				CLANG_ENABLE_OBJC_ARC = YES;
				CLANG_WARN_BLOCK_CAPTURE_AUTORELEASING = YES;
				CLANG_WARN_BOOL_CONVERSION = YES;
				CLANG_WARN_COMMA = YES;
				CLANG_WARN_CONSTANT_CONVERSION = YES;
				CLANG_WARN_DIRECT_OBJC_ISA_USAGE = YES_ERROR;
				CLANG_WARN_DOCUMENTATION_COMMENTS = YES;
				CLANG_WARN_EMPTY_BODY = YES;
				CLANG_WARN_ENUM_CONVERSION = YES;
				CLANG_WARN_INFINITE_RECURSION = YES;
				CLANG_WARN_INT_CONVERSION = YES;
				CLANG_WARN_NON_LITERAL_NULL_CONVERSION = YES;
				CLANG_WARN_OBJC_LITERAL_CONVERSION = YES;
				CLANG_WARN_OBJC_ROOT_CLASS = YES_ERROR;
				CLANG_WARN_RANGE_LOOP_ANALYSIS = YES;
				CLANG_WARN_STRICT_PROTOTYPES = YES;
				CLANG_WARN_SUSPICIOUS_MOVE = YES;
				CLANG_WARN_UNGUARDED_AVAILABILITY = YES_AGGRESSIVE;
				CLANG_WARN_UNREACHABLE_CODE = YES;
				CLANG_WARN__DUPLICATE_METHOD_MATCH = YES;
				CODE_SIGN_IDENTITY = "iPhone Developer";
				COPY_PHASE_STRIP = NO;
				DEBUG_INFORMATION_FORMAT = dwarf;
				ENABLE_STRICT_OBJC_MSGSEND = YES;
				ENABLE_TESTABILITY = YES;
				GCC_C_LANGUAGE_STANDARD = gnu11;
				GCC_DYNAMIC_NO_PIC = NO;
				GCC_NO_COMMON_BLOCKS = YES;
				GCC_OPTIMIZATION_LEVEL = 0;
				GCC_PREPROCESSOR_DEFINITIONS = (
					"DEBUG=1",
					"$(inherited)",
				);
				GCC_WARN_64_TO_32_BIT_CONVERSION = YES;
				GCC_WARN_ABOUT_RETURN_TYPE = YES_ERROR;
				GCC_WARN_UNDECLARED_SELECTOR = YES;
				GCC_WARN_UNINITIALIZED_AUTOS = YES_AGGRESSIVE;
				GCC_WARN_UNUSED_FUNCTION = YES;
				GCC_WARN_UNUSED_VARIABLE = YES;
				IPHONEOS_DEPLOYMENT_TARGET = 11.2;
				MTL_ENABLE_DEBUG_INFO = YES;
				ONLY_ACTIVE_ARCH = YES;
				SDKROOT = iphoneos;
				SWIFT_ACTIVE_COMPILATION_CONDITIONS = DEBUG;
				SWIFT_OPTIMIZATION_LEVEL = "-Onone";
			};
			name = Debug;
		};
		C8BF63D6201CFA640029BEC2 /* Release */ = {
			isa = XCBuildConfiguration;
			buildSettings = {
				ALWAYS_SEARCH_USER_PATHS = NO;
				CLANG_ANALYZER_NONNULL = YES;
				CLANG_ANALYZER_NUMBER_OBJECT_CONVERSION = YES_AGGRESSIVE;
				CLANG_CXX_LANGUAGE_STANDARD = "gnu++14";
				CLANG_CXX_LIBRARY = "libc++";
				CLANG_ENABLE_MODULES = YES;
				CLANG_ENABLE_OBJC_ARC = YES;
				CLANG_WARN_BLOCK_CAPTURE_AUTORELEASING = YES;
				CLANG_WARN_BOOL_CONVERSION = YES;
				CLANG_WARN_COMMA = YES;
				CLANG_WARN_CONSTANT_CONVERSION = YES;
				CLANG_WARN_DIRECT_OBJC_ISA_USAGE = YES_ERROR;
				CLANG_WARN_DOCUMENTATION_COMMENTS = YES;
				CLANG_WARN_EMPTY_BODY = YES;
				CLANG_WARN_ENUM_CONVERSION = YES;
				CLANG_WARN_INFINITE_RECURSION = YES;
				CLANG_WARN_INT_CONVERSION = YES;
				CLANG_WARN_NON_LITERAL_NULL_CONVERSION = YES;
				CLANG_WARN_OBJC_LITERAL_CONVERSION = YES;
				CLANG_WARN_OBJC_ROOT_CLASS = YES_ERROR;
				CLANG_WARN_RANGE_LOOP_ANALYSIS = YES;
				CLANG_WARN_STRICT_PROTOTYPES = YES;
				CLANG_WARN_SUSPICIOUS_MOVE = YES;
				CLANG_WARN_UNGUARDED_AVAILABILITY = YES_AGGRESSIVE;
				CLANG_WARN_UNREACHABLE_CODE = YES;
				CLANG_WARN__DUPLICATE_METHOD_MATCH = YES;
				CODE_SIGN_IDENTITY = "iPhone Developer";
				COPY_PHASE_STRIP = NO;
				DEBUG_INFORMATION_FORMAT = "dwarf-with-dsym";
				ENABLE_NS_ASSERTIONS = NO;
				ENABLE_STRICT_OBJC_MSGSEND = YES;
				GCC_C_LANGUAGE_STANDARD = gnu11;
				GCC_NO_COMMON_BLOCKS = YES;
				GCC_WARN_64_TO_32_BIT_CONVERSION = YES;
				GCC_WARN_ABOUT_RETURN_TYPE = YES_ERROR;
				GCC_WARN_UNDECLARED_SELECTOR = YES;
				GCC_WARN_UNINITIALIZED_AUTOS = YES_AGGRESSIVE;
				GCC_WARN_UNUSED_FUNCTION = YES;
				GCC_WARN_UNUSED_VARIABLE = YES;
				IPHONEOS_DEPLOYMENT_TARGET = 11.2;
				MTL_ENABLE_DEBUG_INFO = NO;
				SDKROOT = iphoneos;
				SWIFT_OPTIMIZATION_LEVEL = "-Owholemodule";
				VALIDATE_PRODUCT = YES;
			};
			name = Release;
		};
		C8BF63D8201CFA640029BEC2 /* Debug */ = {
			isa = XCBuildConfiguration;
			buildSettings = {
				ASSETCATALOG_COMPILER_APPICON_NAME = AppIcon;
				CODE_SIGN_STYLE = Automatic;
				DEVELOPMENT_TEAM = VTH3535D42;
				INFOPLIST_FILE = "FlightBuddy Hub/Info.plist";
				IPHONEOS_DEPLOYMENT_TARGET = 11.0;
				LD_RUNPATH_SEARCH_PATHS = "$(inherited) @executable_path/Frameworks";
				PRODUCT_BUNDLE_IDENTIFIER = "com.nguyenjkevin.FlightBuddy-Hub";
				PRODUCT_NAME = "$(TARGET_NAME)";
				SWIFT_VERSION = 4.0;
				TARGETED_DEVICE_FAMILY = 2;
			};
			name = Debug;
		};
		C8BF63D9201CFA640029BEC2 /* Release */ = {
			isa = XCBuildConfiguration;
			buildSettings = {
				ASSETCATALOG_COMPILER_APPICON_NAME = AppIcon;
				CODE_SIGN_STYLE = Automatic;
				DEVELOPMENT_TEAM = VTH3535D42;
				INFOPLIST_FILE = "FlightBuddy Hub/Info.plist";
				IPHONEOS_DEPLOYMENT_TARGET = 11.0;
				LD_RUNPATH_SEARCH_PATHS = "$(inherited) @executable_path/Frameworks";
				PRODUCT_BUNDLE_IDENTIFIER = "com.nguyenjkevin.FlightBuddy-Hub";
				PRODUCT_NAME = "$(TARGET_NAME)";
				SWIFT_VERSION = 4.0;
				TARGETED_DEVICE_FAMILY = 2;
			};
			name = Release;
		};
/* End XCBuildConfiguration section */

/* Begin XCConfigurationList section */
		C8BF63C0201CFA640029BEC2 /* Build configuration list for PBXProject "FlightBuddy Hub" */ = {
			isa = XCConfigurationList;
			buildConfigurations = (
				C8BF63D5201CFA640029BEC2 /* Debug */,
				C8BF63D6201CFA640029BEC2 /* Release */,
			);
			defaultConfigurationIsVisible = 0;
			defaultConfigurationName = Release;
		};
		C8BF63D7201CFA640029BEC2 /* Build configuration list for PBXNativeTarget "FlightBuddy Hub" */ = {
			isa = XCConfigurationList;
			buildConfigurations = (
				C8BF63D8201CFA640029BEC2 /* Debug */,
				C8BF63D9201CFA640029BEC2 /* Release */,
			);
			defaultConfigurationIsVisible = 0;
			defaultConfigurationName = Release;
		};
/* End XCConfigurationList section */
	};
	rootObject = C8BF63BD201CFA640029BEC2 /* Project object */;
}
