// !$*UTF8*$!
{
	archiveVersion = 1;
	classes = {
	};
	objectVersion = 48;
	objects = {

/* Begin PBXBuildFile section */
		3E257F046AD2F3C0EB64B186 /* Pods_FlightBuddy.framework in Frameworks */ = {isa = PBXBuildFile; fileRef = BA5FE7033496EFE12EED35B2 /* Pods_FlightBuddy.framework */; };
		C8ACC902201D3493000C7CEF /* Signal.swift in Sources */ = {isa = PBXBuildFile; fileRef = C8ACC8FE201D3493000C7CEF /* Signal.swift */; };
		C8ACC903201D3493000C7CEF /* Signal.storyboard in Resources */ = {isa = PBXBuildFile; fileRef = C8ACC8FF201D3493000C7CEF /* Signal.storyboard */; };
		C8ACC904201D3493000C7CEF /* Helper.swift in Sources */ = {isa = PBXBuildFile; fileRef = C8ACC900201D3493000C7CEF /* Helper.swift */; };
		C8ACC905201D3493000C7CEF /* InviteTableViewController.swift in Sources */ = {isa = PBXBuildFile; fileRef = C8ACC901201D3493000C7CEF /* InviteTableViewController.swift */; };
		C8ACC908201D39DD000C7CEF /* Background.mp4 in Resources */ = {isa = PBXBuildFile; fileRef = C8ACC907201D39DD000C7CEF /* Background.mp4 */; };
		C8ACC90A201D39E9000C7CEF /* SplashViewController.swift in Sources */ = {isa = PBXBuildFile; fileRef = C8ACC909201D39E9000C7CEF /* SplashViewController.swift */; };
		C8ACC914201D5F8C000C7CEF /* MainViewController.swift in Sources */ = {isa = PBXBuildFile; fileRef = C8ACC913201D5F8C000C7CEF /* MainViewController.swift */; };
		C8ACC916201D628B000C7CEF /* Constants.swift in Sources */ = {isa = PBXBuildFile; fileRef = C8ACC915201D628B000C7CEF /* Constants.swift */; };
		C8ACC918201D62BE000C7CEF /* Flight.swift in Sources */ = {isa = PBXBuildFile; fileRef = C8ACC917201D62BE000C7CEF /* Flight.swift */; };
		C8EB8689201CF9980038AF87 /* AppDelegate.swift in Sources */ = {isa = PBXBuildFile; fileRef = C8EB8688201CF9980038AF87 /* AppDelegate.swift */; };
		C8EB868E201CF9980038AF87 /* Main.storyboard in Resources */ = {isa = PBXBuildFile; fileRef = C8EB868C201CF9980038AF87 /* Main.storyboard */; };
		C8EB8690201CF9980038AF87 /* Assets.xcassets in Resources */ = {isa = PBXBuildFile; fileRef = C8EB868F201CF9980038AF87 /* Assets.xcassets */; };
		C8EB8693201CF9980038AF87 /* LaunchScreen.storyboard in Resources */ = {isa = PBXBuildFile; fileRef = C8EB8691201CF9980038AF87 /* LaunchScreen.storyboard */; };
		EA74E7C9201DAC9E00E73B42 /* Seat.swift in Sources */ = {isa = PBXBuildFile; fileRef = EA74E7C7201DAC9E00E73B42 /* Seat.swift */; };
		EA74E7CA201DAC9E00E73B42 /* Weather.swift in Sources */ = {isa = PBXBuildFile; fileRef = EA74E7C8201DAC9E00E73B42 /* Weather.swift */; };
		EA74E7CD201DAEFD00E73B42 /* FlightService.swift in Sources */ = {isa = PBXBuildFile; fileRef = EA74E7CC201DAEFD00E73B42 /* FlightService.swift */; };
		EA74E7CF201DE33600E73B42 /* FoodRequestViewController.swift in Sources */ = {isa = PBXBuildFile; fileRef = EA74E7CE201DE33600E73B42 /* FoodRequestViewController.swift */; };
/* End PBXBuildFile section */

/* Begin PBXFileReference section */
		228AB0E6442462F9B2ECEACE /* Pods-FlightBuddy.release.xcconfig */ = {isa = PBXFileReference; includeInIndex = 1; lastKnownFileType = text.xcconfig; name = "Pods-FlightBuddy.release.xcconfig"; path = "Pods/Target Support Files/Pods-FlightBuddy/Pods-FlightBuddy.release.xcconfig"; sourceTree = "<group>"; };
		552ACF4E2D888B52804F7BAB /* Pods-FlightBuddy.debug.xcconfig */ = {isa = PBXFileReference; includeInIndex = 1; lastKnownFileType = text.xcconfig; name = "Pods-FlightBuddy.debug.xcconfig"; path = "Pods/Target Support Files/Pods-FlightBuddy/Pods-FlightBuddy.debug.xcconfig"; sourceTree = "<group>"; };
		BA5FE7033496EFE12EED35B2 /* Pods_FlightBuddy.framework */ = {isa = PBXFileReference; explicitFileType = wrapper.framework; includeInIndex = 0; path = Pods_FlightBuddy.framework; sourceTree = BUILT_PRODUCTS_DIR; };
		C8ACC8FE201D3493000C7CEF /* Signal.swift */ = {isa = PBXFileReference; fileEncoding = 4; lastKnownFileType = sourcecode.swift; path = Signal.swift; sourceTree = "<group>"; };
		C8ACC8FF201D3493000C7CEF /* Signal.storyboard */ = {isa = PBXFileReference; fileEncoding = 4; lastKnownFileType = file.storyboard; path = Signal.storyboard; sourceTree = "<group>"; };
		C8ACC900201D3493000C7CEF /* Helper.swift */ = {isa = PBXFileReference; fileEncoding = 4; lastKnownFileType = sourcecode.swift; path = Helper.swift; sourceTree = "<group>"; };
		C8ACC901201D3493000C7CEF /* InviteTableViewController.swift */ = {isa = PBXFileReference; fileEncoding = 4; lastKnownFileType = sourcecode.swift; path = InviteTableViewController.swift; sourceTree = "<group>"; };
		C8ACC907201D39DD000C7CEF /* Background.mp4 */ = {isa = PBXFileReference; lastKnownFileType = file; path = Background.mp4; sourceTree = "<group>"; };
		C8ACC909201D39E9000C7CEF /* SplashViewController.swift */ = {isa = PBXFileReference; lastKnownFileType = sourcecode.swift; path = SplashViewController.swift; sourceTree = "<group>"; };
		C8ACC913201D5F8C000C7CEF /* MainViewController.swift */ = {isa = PBXFileReference; lastKnownFileType = sourcecode.swift; path = MainViewController.swift; sourceTree = "<group>"; };
		C8ACC915201D628B000C7CEF /* Constants.swift */ = {isa = PBXFileReference; lastKnownFileType = sourcecode.swift; path = Constants.swift; sourceTree = "<group>"; };
		C8ACC917201D62BE000C7CEF /* Flight.swift */ = {isa = PBXFileReference; lastKnownFileType = sourcecode.swift; path = Flight.swift; sourceTree = "<group>"; };
		C8EB8685201CF9980038AF87 /* FlightBuddy.app */ = {isa = PBXFileReference; explicitFileType = wrapper.application; includeInIndex = 0; path = FlightBuddy.app; sourceTree = BUILT_PRODUCTS_DIR; };
		C8EB8688201CF9980038AF87 /* AppDelegate.swift */ = {isa = PBXFileReference; lastKnownFileType = sourcecode.swift; path = AppDelegate.swift; sourceTree = "<group>"; };
		C8EB868D201CF9980038AF87 /* Base */ = {isa = PBXFileReference; lastKnownFileType = file.storyboard; name = Base; path = Base.lproj/Main.storyboard; sourceTree = "<group>"; };
		C8EB868F201CF9980038AF87 /* Assets.xcassets */ = {isa = PBXFileReference; lastKnownFileType = folder.assetcatalog; path = Assets.xcassets; sourceTree = "<group>"; };
		C8EB8692201CF9980038AF87 /* Base */ = {isa = PBXFileReference; lastKnownFileType = file.storyboard; name = Base; path = Base.lproj/LaunchScreen.storyboard; sourceTree = "<group>"; };
		C8EB8694201CF9980038AF87 /* Info.plist */ = {isa = PBXFileReference; lastKnownFileType = text.plist.xml; path = Info.plist; sourceTree = "<group>"; };
		EA74E7C7201DAC9E00E73B42 /* Seat.swift */ = {isa = PBXFileReference; fileEncoding = 4; lastKnownFileType = sourcecode.swift; path = Seat.swift; sourceTree = "<group>"; };
		EA74E7C8201DAC9E00E73B42 /* Weather.swift */ = {isa = PBXFileReference; fileEncoding = 4; lastKnownFileType = sourcecode.swift; path = Weather.swift; sourceTree = "<group>"; };
		EA74E7CC201DAEFD00E73B42 /* FlightService.swift */ = {isa = PBXFileReference; lastKnownFileType = sourcecode.swift; path = FlightService.swift; sourceTree = "<group>"; };
		EA74E7CE201DE33600E73B42 /* FoodRequestViewController.swift */ = {isa = PBXFileReference; lastKnownFileType = sourcecode.swift; path = FoodRequestViewController.swift; sourceTree = "<group>"; };
/* End PBXFileReference section */

/* Begin PBXFrameworksBuildPhase section */
		C8EB8682201CF9980038AF87 /* Frameworks */ = {
			isa = PBXFrameworksBuildPhase;
			buildActionMask = 2147483647;
			files = (
				3E257F046AD2F3C0EB64B186 /* Pods_FlightBuddy.framework in Frameworks */,
			);
			runOnlyForDeploymentPostprocessing = 0;
		};
/* End PBXFrameworksBuildPhase section */

/* Begin PBXGroup section */
		AFDBEE275BAF93B4B49755F1 /* Frameworks */ = {
			isa = PBXGroup;
			children = (
				BA5FE7033496EFE12EED35B2 /* Pods_FlightBuddy.framework */,
			);
			name = Frameworks;
			sourceTree = "<group>";
		};
		C8ACC8F5201D344F000C7CEF /* Signal */ = {
			isa = PBXGroup;
			children = (
				C8ACC900201D3493000C7CEF /* Helper.swift */,
				C8ACC901201D3493000C7CEF /* InviteTableViewController.swift */,
				C8ACC8FF201D3493000C7CEF /* Signal.storyboard */,
				C8ACC8FE201D3493000C7CEF /* Signal.swift */,
			);
			path = Signal;
			sourceTree = "<group>";
		};
		C8ACC90B201D39ED000C7CEF /* Controller */ = {
			isa = PBXGroup;
			children = (
			);
			path = Controller;
			sourceTree = "<group>";
		};
		C8ACC90C201D39F3000C7CEF /* ViewController */ = {
			isa = PBXGroup;
			children = (
				C8ACC909201D39E9000C7CEF /* SplashViewController.swift */,
				C8ACC913201D5F8C000C7CEF /* MainViewController.swift */,
				EA74E7CE201DE33600E73B42 /* FoodRequestViewController.swift */,
			);
			path = ViewController;
			sourceTree = "<group>";
		};
		C8ACC90D201D3A0B000C7CEF /* Model */ = {
			isa = PBXGroup;
			children = (
				EA74E7C7201DAC9E00E73B42 /* Seat.swift */,
				EA74E7C8201DAC9E00E73B42 /* Weather.swift */,
				C8ACC917201D62BE000C7CEF /* Flight.swift */,
			);
			path = Model;
			sourceTree = "<group>";
		};
		C8ACC90E201D3A0F000C7CEF /* SupportingFiles */ = {
			isa = PBXGroup;
			children = (
				C8EB8688201CF9980038AF87 /* AppDelegate.swift */,
				C8EB868C201CF9980038AF87 /* Main.storyboard */,
				C8EB868F201CF9980038AF87 /* Assets.xcassets */,
				C8EB8691201CF9980038AF87 /* LaunchScreen.storyboard */,
				C8EB8694201CF9980038AF87 /* Info.plist */,
				C8ACC907201D39DD000C7CEF /* Background.mp4 */,
				C8ACC915201D628B000C7CEF /* Constants.swift */,
			);
			path = SupportingFiles;
			sourceTree = "<group>";
		};
		C8EB867C201CF9970038AF87 = {
			isa = PBXGroup;
			children = (
				C8ACC8F5201D344F000C7CEF /* Signal */,
				C8EB8687201CF9980038AF87 /* FlightBuddy */,
				C8EB8686201CF9980038AF87 /* Products */,
				E7E1B01C82FFCEE42A7DE7E4 /* Pods */,
				AFDBEE275BAF93B4B49755F1 /* Frameworks */,
			);
			sourceTree = "<group>";
		};
		C8EB8686201CF9980038AF87 /* Products */ = {
			isa = PBXGroup;
			children = (
				C8EB8685201CF9980038AF87 /* FlightBuddy.app */,
			);
			name = Products;
			sourceTree = "<group>";
		};
		C8EB8687201CF9980038AF87 /* FlightBuddy */ = {
			isa = PBXGroup;
			children = (
				EA74E7CB201DAEF200E73B42 /* Services */,
				C8ACC90D201D3A0B000C7CEF /* Model */,
				C8ACC90C201D39F3000C7CEF /* ViewController */,
				C8ACC90B201D39ED000C7CEF /* Controller */,
				C8ACC90E201D3A0F000C7CEF /* SupportingFiles */,
			);
			path = FlightBuddy;
			sourceTree = "<group>";
		};
		E7E1B01C82FFCEE42A7DE7E4 /* Pods */ = {
			isa = PBXGroup;
			children = (
				552ACF4E2D888B52804F7BAB /* Pods-FlightBuddy.debug.xcconfig */,
				228AB0E6442462F9B2ECEACE /* Pods-FlightBuddy.release.xcconfig */,
			);
			name = Pods;
			sourceTree = "<group>";
		};
		EA74E7CB201DAEF200E73B42 /* Services */ = {
			isa = PBXGroup;
			children = (
				EA74E7CC201DAEFD00E73B42 /* FlightService.swift */,
			);
			path = Services;
			sourceTree = "<group>";
		};
/* End PBXGroup section */

/* Begin PBXNativeTarget section */
		C8EB8684201CF9980038AF87 /* FlightBuddy */ = {
			isa = PBXNativeTarget;
			buildConfigurationList = C8EB8697201CF9980038AF87 /* Build configuration list for PBXNativeTarget "FlightBuddy" */;
			buildPhases = (
				770EAF7714AA1920366D2835 /* [CP] Check Pods Manifest.lock */,
				C8EB8681201CF9980038AF87 /* Sources */,
				C8EB8682201CF9980038AF87 /* Frameworks */,
				C8EB8683201CF9980038AF87 /* Resources */,
				24D85727A0B27577EE5408A4 /* [CP] Embed Pods Frameworks */,
				DD21A3FF15E377731DCCDA2C /* [CP] Copy Pods Resources */,
			);
			buildRules = (
			);
			dependencies = (
			);
			name = FlightBuddy;
			productName = FlightBuddy;
			productReference = C8EB8685201CF9980038AF87 /* FlightBuddy.app */;
			productType = "com.apple.product-type.application";
		};
/* End PBXNativeTarget section */

/* Begin PBXProject section */
		C8EB867D201CF9970038AF87 /* Project object */ = {
			isa = PBXProject;
			attributes = {
				LastSwiftUpdateCheck = 0920;
				LastUpgradeCheck = 0920;
				ORGANIZATIONNAME = "Wilson Ding";
				TargetAttributes = {
					C8EB8684201CF9980038AF87 = {
						CreatedOnToolsVersion = 9.2;
						ProvisioningStyle = Automatic;
					};
				};
			};
			buildConfigurationList = C8EB8680201CF9970038AF87 /* Build configuration list for PBXProject "FlightBuddy" */;
			compatibilityVersion = "Xcode 8.0";
			developmentRegion = en;
			hasScannedForEncodings = 0;
			knownRegions = (
				en,
				Base,
			);
			mainGroup = C8EB867C201CF9970038AF87;
			productRefGroup = C8EB8686201CF9980038AF87 /* Products */;
			projectDirPath = "";
			projectRoot = "";
			targets = (
				C8EB8684201CF9980038AF87 /* FlightBuddy */,
			);
		};
/* End PBXProject section */

/* Begin PBXResourcesBuildPhase section */
		C8EB8683201CF9980038AF87 /* Resources */ = {
			isa = PBXResourcesBuildPhase;
			buildActionMask = 2147483647;
			files = (
				C8EB8693201CF9980038AF87 /* LaunchScreen.storyboard in Resources */,
				C8EB8690201CF9980038AF87 /* Assets.xcassets in Resources */,
				C8ACC908201D39DD000C7CEF /* Background.mp4 in Resources */,
				C8ACC903201D3493000C7CEF /* Signal.storyboard in Resources */,
				C8EB868E201CF9980038AF87 /* Main.storyboard in Resources */,
			);
			runOnlyForDeploymentPostprocessing = 0;
		};
/* End PBXResourcesBuildPhase section */

/* Begin PBXShellScriptBuildPhase section */
		24D85727A0B27577EE5408A4 /* [CP] Embed Pods Frameworks */ = {
			isa = PBXShellScriptBuildPhase;
			buildActionMask = 2147483647;
			files = (
			);
			inputPaths = (
				"${SRCROOT}/Pods/Target Support Files/Pods-FlightBuddy/Pods-FlightBuddy-frameworks.sh",
				"${BUILT_PRODUCTS_DIR}/BarcodeScanner/BarcodeScanner.framework",
				"${BUILT_PRODUCTS_DIR}/PKHUD/PKHUD.framework",
				"${BUILT_PRODUCTS_DIR}/SwiftVideoBackground/SwiftVideoBackground.framework",
			);
			name = "[CP] Embed Pods Frameworks";
			outputPaths = (
				"${TARGET_BUILD_DIR}/${FRAMEWORKS_FOLDER_PATH}/BarcodeScanner.framework",
				"${TARGET_BUILD_DIR}/${FRAMEWORKS_FOLDER_PATH}/PKHUD.framework",
				"${TARGET_BUILD_DIR}/${FRAMEWORKS_FOLDER_PATH}/SwiftVideoBackground.framework",
			);
			runOnlyForDeploymentPostprocessing = 0;
			shellPath = /bin/sh;
			shellScript = "\"${SRCROOT}/Pods/Target Support Files/Pods-FlightBuddy/Pods-FlightBuddy-frameworks.sh\"\n";
			showEnvVarsInLog = 0;
		};
		770EAF7714AA1920366D2835 /* [CP] Check Pods Manifest.lock */ = {
			isa = PBXShellScriptBuildPhase;
			buildActionMask = 2147483647;
			files = (
			);
			inputPaths = (
				"${PODS_PODFILE_DIR_PATH}/Podfile.lock",
				"${PODS_ROOT}/Manifest.lock",
			);
			name = "[CP] Check Pods Manifest.lock";
			outputPaths = (
				"$(DERIVED_FILE_DIR)/Pods-FlightBuddy-checkManifestLockResult.txt",
			);
			runOnlyForDeploymentPostprocessing = 0;
			shellPath = /bin/sh;
			shellScript = "diff \"${PODS_PODFILE_DIR_PATH}/Podfile.lock\" \"${PODS_ROOT}/Manifest.lock\" > /dev/null\nif [ $? != 0 ] ; then\n    # print error to STDERR\n    echo \"error: The sandbox is not in sync with the Podfile.lock. Run 'pod install' or update your CocoaPods installation.\" >&2\n    exit 1\nfi\n# This output is used by Xcode 'outputs' to avoid re-running this script phase.\necho \"SUCCESS\" > \"${SCRIPT_OUTPUT_FILE_0}\"\n";
			showEnvVarsInLog = 0;
		};
		DD21A3FF15E377731DCCDA2C /* [CP] Copy Pods Resources */ = {
			isa = PBXShellScriptBuildPhase;
			buildActionMask = 2147483647;
			files = (
			);
			inputPaths = (
			);
			name = "[CP] Copy Pods Resources";
			outputPaths = (
			);
			runOnlyForDeploymentPostprocessing = 0;
			shellPath = /bin/sh;
			shellScript = "\"${SRCROOT}/Pods/Target Support Files/Pods-FlightBuddy/Pods-FlightBuddy-resources.sh\"\n";
			showEnvVarsInLog = 0;
		};
/* End PBXShellScriptBuildPhase section */

/* Begin PBXSourcesBuildPhase section */
		C8EB8681201CF9980038AF87 /* Sources */ = {
			isa = PBXSourcesBuildPhase;
			buildActionMask = 2147483647;
			files = (
				EA74E7CD201DAEFD00E73B42 /* FlightService.swift in Sources */,
				C8ACC914201D5F8C000C7CEF /* MainViewController.swift in Sources */,
				EA74E7CF201DE33600E73B42 /* FoodRequestViewController.swift in Sources */,
				C8ACC905201D3493000C7CEF /* InviteTableViewController.swift in Sources */,
				C8ACC902201D3493000C7CEF /* Signal.swift in Sources */,
				C8ACC90A201D39E9000C7CEF /* SplashViewController.swift in Sources */,
				EA74E7CA201DAC9E00E73B42 /* Weather.swift in Sources */,
				C8ACC916201D628B000C7CEF /* Constants.swift in Sources */,
				EA74E7C9201DAC9E00E73B42 /* Seat.swift in Sources */,
				C8ACC918201D62BE000C7CEF /* Flight.swift in Sources */,
				C8EB8689201CF9980038AF87 /* AppDelegate.swift in Sources */,
				C8ACC904201D3493000C7CEF /* Helper.swift in Sources */,
			);
			runOnlyForDeploymentPostprocessing = 0;
		};
/* End PBXSourcesBuildPhase section */

/* Begin PBXVariantGroup section */
		C8EB868C201CF9980038AF87 /* Main.storyboard */ = {
			isa = PBXVariantGroup;
			children = (
				C8EB868D201CF9980038AF87 /* Base */,
			);
			name = Main.storyboard;
			sourceTree = "<group>";
		};
		C8EB8691201CF9980038AF87 /* LaunchScreen.storyboard */ = {
			isa = PBXVariantGroup;
			children = (
				C8EB8692201CF9980038AF87 /* Base */,
			);
			name = LaunchScreen.storyboard;
			sourceTree = "<group>";
		};
/* End PBXVariantGroup section */

/* Begin XCBuildConfiguration section */
		C8EB8695201CF9980038AF87 /* Debug */ = {
			isa = XCBuildConfiguration;
			buildSettings = {
				ALWAYS_SEARCH_USER_PATHS = NO;
				CLANG_ANALYZER_NONNULL = YES;
				CLANG_ANALYZER_NUMBER_OBJECT_CONVERSION = YES_AGGRESSIVE;
				CLANG_CXX_LANGUAGE_STANDARD = "gnu++14";
				CLANG_CXX_LIBRARY = "libc++";
				CLANG_ENABLE_MODULES = YES;
				CLANG_ENABLE_OBJC_ARC = YES;
				CLANG_WARN_BLOCK_CAPTURE_AUTORELEASING = YES;
				CLANG_WARN_BOOL_CONVERSION = YES;
				CLANG_WARN_COMMA = YES;
				CLANG_WARN_CONSTANT_CONVERSION = YES;
				CLANG_WARN_DIRECT_OBJC_ISA_USAGE = YES_ERROR;
				CLANG_WARN_DOCUMENTATION_COMMENTS = YES;
				CLANG_WARN_EMPTY_BODY = YES;
				CLANG_WARN_ENUM_CONVERSION = YES;
				CLANG_WARN_INFINITE_RECURSION = YES;
				CLANG_WARN_INT_CONVERSION = YES;
				CLANG_WARN_NON_LITERAL_NULL_CONVERSION = YES;
				CLANG_WARN_OBJC_LITERAL_CONVERSION = YES;
				CLANG_WARN_OBJC_ROOT_CLASS = YES_ERROR;
				CLANG_WARN_RANGE_LOOP_ANALYSIS = YES;
				CLANG_WARN_STRICT_PROTOTYPES = YES;
				CLANG_WARN_SUSPICIOUS_MOVE = YES;
				CLANG_WARN_UNGUARDED_AVAILABILITY = YES_AGGRESSIVE;
				CLANG_WARN_UNREACHABLE_CODE = YES;
				CLANG_WARN__DUPLICATE_METHOD_MATCH = YES;
				CODE_SIGN_IDENTITY = "iPhone Developer";
				COPY_PHASE_STRIP = NO;
				DEBUG_INFORMATION_FORMAT = dwarf;
				ENABLE_STRICT_OBJC_MSGSEND = YES;
				ENABLE_TESTABILITY = YES;
				GCC_C_LANGUAGE_STANDARD = gnu11;
				GCC_DYNAMIC_NO_PIC = NO;
				GCC_NO_COMMON_BLOCKS = YES;
				GCC_OPTIMIZATION_LEVEL = 0;
				GCC_PREPROCESSOR_DEFINITIONS = (
					"DEBUG=1",
					"$(inherited)",
				);
				GCC_WARN_64_TO_32_BIT_CONVERSION = YES;
				GCC_WARN_ABOUT_RETURN_TYPE = YES_ERROR;
				GCC_WARN_UNDECLARED_SELECTOR = YES;
				GCC_WARN_UNINITIALIZED_AUTOS = YES_AGGRESSIVE;
				GCC_WARN_UNUSED_FUNCTION = YES;
				GCC_WARN_UNUSED_VARIABLE = YES;
				IPHONEOS_DEPLOYMENT_TARGET = 11.2;
				MTL_ENABLE_DEBUG_INFO = YES;
				ONLY_ACTIVE_ARCH = YES;
				SDKROOT = iphoneos;
				SWIFT_ACTIVE_COMPILATION_CONDITIONS = DEBUG;
				SWIFT_OPTIMIZATION_LEVEL = "-Onone";
			};
			name = Debug;
		};
		C8EB8696201CF9980038AF87 /* Release */ = {
			isa = XCBuildConfiguration;
			buildSettings = {
				ALWAYS_SEARCH_USER_PATHS = NO;
				CLANG_ANALYZER_NONNULL = YES;
				CLANG_ANALYZER_NUMBER_OBJECT_CONVERSION = YES_AGGRESSIVE;
				CLANG_CXX_LANGUAGE_STANDARD = "gnu++14";
				CLANG_CXX_LIBRARY = "libc++";
				CLANG_ENABLE_MODULES = YES;
				CLANG_ENABLE_OBJC_ARC = YES;
				CLANG_WARN_BLOCK_CAPTURE_AUTORELEASING = YES;
				CLANG_WARN_BOOL_CONVERSION = YES;
				CLANG_WARN_COMMA = YES;
				CLANG_WARN_CONSTANT_CONVERSION = YES;
				CLANG_WARN_DIRECT_OBJC_ISA_USAGE = YES_ERROR;
				CLANG_WARN_DOCUMENTATION_COMMENTS = YES;
				CLANG_WARN_EMPTY_BODY = YES;
				CLANG_WARN_ENUM_CONVERSION = YES;
				CLANG_WARN_INFINITE_RECURSION = YES;
				CLANG_WARN_INT_CONVERSION = YES;
				CLANG_WARN_NON_LITERAL_NULL_CONVERSION = YES;
				CLANG_WARN_OBJC_LITERAL_CONVERSION = YES;
				CLANG_WARN_OBJC_ROOT_CLASS = YES_ERROR;
				CLANG_WARN_RANGE_LOOP_ANALYSIS = YES;
				CLANG_WARN_STRICT_PROTOTYPES = YES;
				CLANG_WARN_SUSPICIOUS_MOVE = YES;
				CLANG_WARN_UNGUARDED_AVAILABILITY = YES_AGGRESSIVE;
				CLANG_WARN_UNREACHABLE_CODE = YES;
				CLANG_WARN__DUPLICATE_METHOD_MATCH = YES;
				CODE_SIGN_IDENTITY = "iPhone Developer";
				COPY_PHASE_STRIP = NO;
				DEBUG_INFORMATION_FORMAT = "dwarf-with-dsym";
				ENABLE_NS_ASSERTIONS = NO;
				ENABLE_STRICT_OBJC_MSGSEND = YES;
				GCC_C_LANGUAGE_STANDARD = gnu11;
				GCC_NO_COMMON_BLOCKS = YES;
				GCC_WARN_64_TO_32_BIT_CONVERSION = YES;
				GCC_WARN_ABOUT_RETURN_TYPE = YES_ERROR;
				GCC_WARN_UNDECLARED_SELECTOR = YES;
				GCC_WARN_UNINITIALIZED_AUTOS = YES_AGGRESSIVE;
				GCC_WARN_UNUSED_FUNCTION = YES;
				GCC_WARN_UNUSED_VARIABLE = YES;
				IPHONEOS_DEPLOYMENT_TARGET = 11.2;
				MTL_ENABLE_DEBUG_INFO = NO;
				SDKROOT = iphoneos;
				SWIFT_OPTIMIZATION_LEVEL = "-Owholemodule";
				VALIDATE_PRODUCT = YES;
			};
			name = Release;
		};
		C8EB8698201CF9980038AF87 /* Debug */ = {
			isa = XCBuildConfiguration;
			baseConfigurationReference = 552ACF4E2D888B52804F7BAB /* Pods-FlightBuddy.debug.xcconfig */;
			buildSettings = {
				ASSETCATALOG_COMPILER_APPICON_NAME = AppIcon;
				CODE_SIGN_STYLE = Automatic;
				DEVELOPMENT_TEAM = VTH3535D42;
				INFOPLIST_FILE = "$(SRCROOT)/FlightBuddy/SupportingFiles/Info.plist";
				LD_RUNPATH_SEARCH_PATHS = "$(inherited) @executable_path/Frameworks";
				PRODUCT_BUNDLE_IDENTIFIER = com.nguyenjkevin.FlightBuddy;
				PRODUCT_NAME = "$(TARGET_NAME)";
				SWIFT_VERSION = 4.0;
				TARGETED_DEVICE_FAMILY = "1,2";
			};
			name = Debug;
		};
		C8EB8699201CF9980038AF87 /* Release */ = {
			isa = XCBuildConfiguration;
			baseConfigurationReference = 228AB0E6442462F9B2ECEACE /* Pods-FlightBuddy.release.xcconfig */;
			buildSettings = {
				ASSETCATALOG_COMPILER_APPICON_NAME = AppIcon;
				CODE_SIGN_STYLE = Automatic;
				DEVELOPMENT_TEAM = VTH3535D42;
				INFOPLIST_FILE = "$(SRCROOT)/FlightBuddy/SupportingFiles/Info.plist";
				LD_RUNPATH_SEARCH_PATHS = "$(inherited) @executable_path/Frameworks";
				PRODUCT_BUNDLE_IDENTIFIER = com.nguyenjkevin.FlightBuddy;
				PRODUCT_NAME = "$(TARGET_NAME)";
				SWIFT_VERSION = 4.0;
				TARGETED_DEVICE_FAMILY = "1,2";
			};
			name = Release;
		};
/* End XCBuildConfiguration section */

/* Begin XCConfigurationList section */
		C8EB8680201CF9970038AF87 /* Build configuration list for PBXProject "FlightBuddy" */ = {
			isa = XCConfigurationList;
			buildConfigurations = (
				C8EB8695201CF9980038AF87 /* Debug */,
				C8EB8696201CF9980038AF87 /* Release */,
			);
			defaultConfigurationIsVisible = 0;
			defaultConfigurationName = Release;
		};
		C8EB8697201CF9980038AF87 /* Build configuration list for PBXNativeTarget "FlightBuddy" */ = {
			isa = XCConfigurationList;
			buildConfigurations = (
				C8EB8698201CF9980038AF87 /* Debug */,
				C8EB8699201CF9980038AF87 /* Release */,
			);
			defaultConfigurationIsVisible = 0;
			defaultConfigurationName = Release;
		};
/* End XCConfigurationList section */
	};
	rootObject = C8EB867D201CF9970038AF87 /* Project object */;
}
